
Microsoft Visual Studio Solution File, Format Version 12.00
# Visual Studio Version 17
VisualStudioVersion = 17.0.32014.148
MinimumVisualStudioVersion = 10.0.40219.1
Project("{8BC9CEB8-8B4A-11D0-8D11-00A0C91BC942}") = "Lab01", "Lab01\Lab01.vcxproj", "{F77F8AD0-A797-45E8-BB2C-9FB74A922F58}"
EndProject
Project("{8BC9CEB8-8B4A-11D0-8D11-00A0C91BC942}") = "Lab02", "Lab02\Lab02.vcxproj", "{45E6B84F-8AE7-4CC1-BE0B-CDA931CFA685}"
EndProject
Project("{8BC9CEB8-8B4A-11D0-8D11-00A0C91BC942}") = "Lab03", "Lab03\Lab03.vcxproj", "{5A8A09EC-FB06-454D-B93B-660D90AE7BCE}"
EndProject
Project("{8BC9CEB8-8B4A-11D0-8D11-00A0C91BC942}") = "Lab04", "Lab04\Lab04.vcxproj", "{3087CB4A-5914-41EF-95FA-2544973E0951}"
EndProject
Project("{8BC9CEB8-8B4A-11D0-8D11-00A0C91BC942}") = "Lab05", "Lab05\Lab05.vcxproj", "{1E5002DD-9CC8-4A3C-8D60-D83E4698BD1F}"
EndProject
Project("{8BC9CEB8-8B4A-11D0-8D11-00A0C91BC942}") = "Lab06", "Lab06\Lab06.vcxproj", "{DDCEE380-E3FD-4D72-A0DA-DA270CFD8E0C}"
EndProject
Project("{8BC9CEB8-8B4A-11D0-8D11-00A0C91BC942}") = "Lab07", "Lab07\Lab07.vcxproj", "{5B61F5EC-B981-4D8D-9A0A-A405CBF14201}"
EndProject
Project("{8BC9CEB8-8B4A-11D0-8D11-00A0C91BC942}") = "Lab08", "Lab08\Lab08.vcxproj", "{73690370-5001-4AA2-A9A4-9DCD5B91A085}"
EndProject
Project("{8BC9CEB8-8B4A-11D0-8D11-00A0C91BC942}") = "Lab09", "Lab09\Lab09.vcxproj", "{88AB0A94-365F-474C-96D0-865939E41A58}"
EndProject
Project("{8BC9CEB8-8B4A-11D0-8D11-00A0C91BC942}") = "Lab10", "Lab10\Lab10.vcxproj", "{2ECF9B16-E65F-4C2D-B774-9D1D0243D773}"
EndProject
Project("{8BC9CEB8-8B4A-11D0-8D11-00A0C91BC942}") = "Lab11", "Lab11\Lab11.vcxproj", "{BCC63F99-BC2A-40CA-95A4-2F83D215FE18}"
EndProject
Project("{8BC9CEB8-8B4A-11D0-8D11-00A0C91BC942}") = "Lab12", "Lab12\Lab12.vcxproj", "{22F8BB78-4F65-4A86-9DA0-ACAECA64D02B}"
EndProject
Project("{8BC9CEB8-8B4A-11D0-8D11-00A0C91BC942}") = "Lab13", "Lab13\Lab13.vcxproj", "{7F0128A7-0913-433A-9F0D-39D8C050846C}"
EndProject
Project("{8BC9CEB8-8B4A-11D0-8D11-00A0C91BC942}") = "Lab14", "Lab14\Lab14.vcxproj", "{D7B7F22E-1156-41FE-A283-7B9E29353795}"
EndProject
Project("{8BC9CEB8-8B4A-11D0-8D11-00A0C91BC942}") = "Lab15", "Lab15\Lab15.vcxproj", "{8B054C89-626E-4E0A-9CA5-EC5A7D609C27}"
EndProject
Project("{8BC9CEB8-8B4A-11D0-8D11-00A0C91BC942}") = "Lab16", "Lab16\Lab16.vcxproj", "{C5DB863A-2C83-4A1A-9E44-C1C6BC54DEEA}"
EndProject
Project("{8BC9CEB8-8B4A-11D0-8D11-00A0C91BC942}") = "Lab18", "Lab18\Lab18.vcxproj", "{20BCEBF5-E851-4B41-94F6-9A9BBBC2ADF3}"
EndProject
Project("{8BC9CEB8-8B4A-11D0-8D11-00A0C91BC942}") = "Lab19", "Lab19\Lab19.vcxproj", "{D3EF8B25-8B99-44A5-A6A4-F077BF4C941A}"
EndProject
Project("{8BC9CEB8-8B4A-11D0-8D11-00A0C91BC942}") = "Lab20", "Lab20\Lab20.vcxproj", "{D9A70CC7-194E-4E36-BDD6-0A29E6AFCF5B}"
EndProject
Project("{8BC9CEB8-8B4A-11D0-8D11-00A0C91BC942}") = "Lab21", "Lab21\Lab21.vcxproj", "{0B8E6661-8BAA-4368-B865-3717BEBB16D2}"
EndProject
Project("{8BC9CEB8-8B4A-11D0-8D11-00A0C91BC942}") = "Lab22", "Lab22\Lab22.vcxproj", "{DE60DB17-C31C-4A92-AD58-341AA431EF73}"
EndProject
Project("{8BC9CEB8-8B4A-11D0-8D11-00A0C91BC942}") = "Lab17", "Lab17\Lab17.vcxproj", "{1A952FB8-F075-4551-BDF9-E44795FB0467}"
EndProject
Project("{8BC9CEB8-8B4A-11D0-8D11-00A0C91BC942}") = "Lab25", "Lab25\Lab25.vcxproj", "{779558C3-DFE2-4F8E-A4D3-5A1F0B26E8B4}"
EndProject
Project("{8BC9CEB8-8B4A-11D0-8D11-00A0C91BC942}") = "Lab26", "Lab26\Lab26.vcxproj", "{41D2D876-815F-4DFA-8C9C-3E30C8A71AC7}"
EndProject
Project("{8BC9CEB8-8B4A-11D0-8D11-00A0C91BC942}") = "Lab27", "Lab27\Lab27.vcxproj", "{20AA3D83-E489-4EE8-9252-B2EB15F2A5EC}"
EndProject
Project("{8BC9CEB8-8B4A-11D0-8D11-00A0C91BC942}") = "Lab23", "Lab23\Lab23.vcxproj", "{B89AE173-B807-43D4-87D8-5C769579DFA7}"
EndProject
Project("{8BC9CEB8-8B4A-11D0-8D11-00A0C91BC942}") = "Lab24", "Lab24\Lab24.vcxproj", "{9396A503-07EB-4466-8570-CF00A0C0A436}"
EndProject
Project("{8BC9CEB8-8B4A-11D0-8D11-00A0C91BC942}") = "Lab28", "Lab28\Lab28.vcxproj", "{8445A089-AE58-40FE-8974-C0925F61884F}"
EndProject
Project("{8BC9CEB8-8B4A-11D0-8D11-00A0C91BC942}") = "Lab29", "Lab29\Lab29.vcxproj", "{1D467F50-845F-4B33-A05C-CD50F540DC6D}"
EndProject
Project("{8BC9CEB8-8B4A-11D0-8D11-00A0C91BC942}") = "Lab32", "Lab32\Lab32.vcxproj", "{FD9A8516-42EC-4640-AB37-6249D69B7714}"
EndProject
Project("{8BC9CEB8-8B4A-11D0-8D11-00A0C91BC942}") = "Lab30", "Lab30\Lab30.vcxproj", "{8B123F2F-BF64-4DF4-9030-8226FE37024C}"
EndProject
Project("{8BC9CEB8-8B4A-11D0-8D11-00A0C91BC942}") = "Lab31", "Lab31\Lab31.vcxproj", "{782A5D4B-3E9D-45A2-BBAC-D534B04159B9}"
EndProject
Project("{8BC9CEB8-8B4A-11D0-8D11-00A0C91BC942}") = "Lab33", "Lab33\Lab33.vcxproj", "{501C46B2-C143-4102-B21D-798AFA020A83}"
EndProject
Project("{8BC9CEB8-8B4A-11D0-8D11-00A0C91BC942}") = "Lab34", "Lab34\Lab34.vcxproj", "{DD0DDE8E-F7B1-4C94-A9DF-0C611321B4D7}"
EndProject
Project("{8BC9CEB8-8B4A-11D0-8D11-00A0C91BC942}") = "Lab35", "Lab35\Lab35.vcxproj", "{614F9287-CF9D-4181-812E-A4FCC0582B36}"
EndProject
Project("{8BC9CEB8-8B4A-11D0-8D11-00A0C91BC942}") = "Lab36", "Lab36\Lab36.vcxproj", "{DC53B1D3-F013-40D2-AD15-6D5CCC875AE3}"
EndProject
Project("{8BC9CEB8-8B4A-11D0-8D11-00A0C91BC942}") = "Lab37", "Lab37\Lab37.vcxproj", "{DB2FED3E-3CC2-4A11-9BC3-47A98C66F163}"
EndProject
Project("{8BC9CEB8-8B4A-11D0-8D11-00A0C91BC942}") = "Lab38", "Lab38\Lab38.vcxproj", "{4E4BAEBC-51F8-4FA2-8E03-4BAC590AA70D}"
EndProject
Project("{8BC9CEB8-8B4A-11D0-8D11-00A0C91BC942}") = "Lab51", "Lab51\Lab51.vcxproj", "{6C4B42CC-9754-49DB-8027-1328ECC50A74}"
EndProject
Project("{8BC9CEB8-8B4A-11D0-8D11-00A0C91BC942}") = "Lab39", "Lab39\Lab39.vcxproj", "{15395BA3-3AC6-41A6-88BF-EA00C1702DA3}"
EndProject
Project("{8BC9CEB8-8B4A-11D0-8D11-00A0C91BC942}") = "Lab40-41", "Lab40-41\Lab40-41.vcxproj", "{37B77342-2B21-42A2-A93D-4ED1EE4B5C8C}"
EndProject
Project("{8BC9CEB8-8B4A-11D0-8D11-00A0C91BC942}") = "Lab42-43", "Lab42-43\Lab42-43.vcxproj", "{E49A7FD4-8B17-4F50-9779-6ADE9151EDDE}"
EndProject
Global
	GlobalSection(SolutionConfigurationPlatforms) = preSolution
		Debug|x64 = Debug|x64
		Debug|x86 = Debug|x86
		Release|x64 = Release|x64
		Release|x86 = Release|x86
	EndGlobalSection
	GlobalSection(ProjectConfigurationPlatforms) = postSolution
		{F77F8AD0-A797-45E8-BB2C-9FB74A922F58}.Debug|x64.ActiveCfg = Debug|x64
		{F77F8AD0-A797-45E8-BB2C-9FB74A922F58}.Debug|x64.Build.0 = Debug|x64
		{F77F8AD0-A797-45E8-BB2C-9FB74A922F58}.Debug|x86.ActiveCfg = Debug|Win32
		{F77F8AD0-A797-45E8-BB2C-9FB74A922F58}.Debug|x86.Build.0 = Debug|Win32
		{F77F8AD0-A797-45E8-BB2C-9FB74A922F58}.Release|x64.ActiveCfg = Release|x64
		{F77F8AD0-A797-45E8-BB2C-9FB74A922F58}.Release|x64.Build.0 = Release|x64
		{F77F8AD0-A797-45E8-BB2C-9FB74A922F58}.Release|x86.ActiveCfg = Release|Win32
		{F77F8AD0-A797-45E8-BB2C-9FB74A922F58}.Release|x86.Build.0 = Release|Win32
		{45E6B84F-8AE7-4CC1-BE0B-CDA931CFA685}.Debug|x64.ActiveCfg = Debug|x64
		{45E6B84F-8AE7-4CC1-BE0B-CDA931CFA685}.Debug|x64.Build.0 = Debug|x64
		{45E6B84F-8AE7-4CC1-BE0B-CDA931CFA685}.Debug|x86.ActiveCfg = Debug|Win32
		{45E6B84F-8AE7-4CC1-BE0B-CDA931CFA685}.Debug|x86.Build.0 = Debug|Win32
		{45E6B84F-8AE7-4CC1-BE0B-CDA931CFA685}.Release|x64.ActiveCfg = Release|x64
		{45E6B84F-8AE7-4CC1-BE0B-CDA931CFA685}.Release|x64.Build.0 = Release|x64
		{45E6B84F-8AE7-4CC1-BE0B-CDA931CFA685}.Release|x86.ActiveCfg = Release|Win32
		{45E6B84F-8AE7-4CC1-BE0B-CDA931CFA685}.Release|x86.Build.0 = Release|Win32
		{5A8A09EC-FB06-454D-B93B-660D90AE7BCE}.Debug|x64.ActiveCfg = Debug|x64
		{5A8A09EC-FB06-454D-B93B-660D90AE7BCE}.Debug|x64.Build.0 = Debug|x64
		{5A8A09EC-FB06-454D-B93B-660D90AE7BCE}.Debug|x86.ActiveCfg = Debug|Win32
		{5A8A09EC-FB06-454D-B93B-660D90AE7BCE}.Debug|x86.Build.0 = Debug|Win32
		{5A8A09EC-FB06-454D-B93B-660D90AE7BCE}.Release|x64.ActiveCfg = Release|x64
		{5A8A09EC-FB06-454D-B93B-660D90AE7BCE}.Release|x64.Build.0 = Release|x64
		{5A8A09EC-FB06-454D-B93B-660D90AE7BCE}.Release|x86.ActiveCfg = Release|Win32
		{5A8A09EC-FB06-454D-B93B-660D90AE7BCE}.Release|x86.Build.0 = Release|Win32
		{3087CB4A-5914-41EF-95FA-2544973E0951}.Debug|x64.ActiveCfg = Debug|x64
		{3087CB4A-5914-41EF-95FA-2544973E0951}.Debug|x64.Build.0 = Debug|x64
		{3087CB4A-5914-41EF-95FA-2544973E0951}.Debug|x86.ActiveCfg = Debug|Win32
		{3087CB4A-5914-41EF-95FA-2544973E0951}.Debug|x86.Build.0 = Debug|Win32
		{3087CB4A-5914-41EF-95FA-2544973E0951}.Release|x64.ActiveCfg = Release|x64
		{3087CB4A-5914-41EF-95FA-2544973E0951}.Release|x64.Build.0 = Release|x64
		{3087CB4A-5914-41EF-95FA-2544973E0951}.Release|x86.ActiveCfg = Release|Win32
		{3087CB4A-5914-41EF-95FA-2544973E0951}.Release|x86.Build.0 = Release|Win32
		{1E5002DD-9CC8-4A3C-8D60-D83E4698BD1F}.Debug|x64.ActiveCfg = Debug|x64
		{1E5002DD-9CC8-4A3C-8D60-D83E4698BD1F}.Debug|x64.Build.0 = Debug|x64
		{1E5002DD-9CC8-4A3C-8D60-D83E4698BD1F}.Debug|x86.ActiveCfg = Debug|Win32
		{1E5002DD-9CC8-4A3C-8D60-D83E4698BD1F}.Debug|x86.Build.0 = Debug|Win32
		{1E5002DD-9CC8-4A3C-8D60-D83E4698BD1F}.Release|x64.ActiveCfg = Release|x64
		{1E5002DD-9CC8-4A3C-8D60-D83E4698BD1F}.Release|x64.Build.0 = Release|x64
		{1E5002DD-9CC8-4A3C-8D60-D83E4698BD1F}.Release|x86.ActiveCfg = Release|Win32
		{1E5002DD-9CC8-4A3C-8D60-D83E4698BD1F}.Release|x86.Build.0 = Release|Win32
		{DDCEE380-E3FD-4D72-A0DA-DA270CFD8E0C}.Debug|x64.ActiveCfg = Debug|x64
		{DDCEE380-E3FD-4D72-A0DA-DA270CFD8E0C}.Debug|x64.Build.0 = Debug|x64
		{DDCEE380-E3FD-4D72-A0DA-DA270CFD8E0C}.Debug|x86.ActiveCfg = Debug|Win32
		{DDCEE380-E3FD-4D72-A0DA-DA270CFD8E0C}.Debug|x86.Build.0 = Debug|Win32
		{DDCEE380-E3FD-4D72-A0DA-DA270CFD8E0C}.Release|x64.ActiveCfg = Release|x64
		{DDCEE380-E3FD-4D72-A0DA-DA270CFD8E0C}.Release|x64.Build.0 = Release|x64
		{DDCEE380-E3FD-4D72-A0DA-DA270CFD8E0C}.Release|x86.ActiveCfg = Release|Win32
		{DDCEE380-E3FD-4D72-A0DA-DA270CFD8E0C}.Release|x86.Build.0 = Release|Win32
		{5B61F5EC-B981-4D8D-9A0A-A405CBF14201}.Debug|x64.ActiveCfg = Debug|x64
		{5B61F5EC-B981-4D8D-9A0A-A405CBF14201}.Debug|x64.Build.0 = Debug|x64
		{5B61F5EC-B981-4D8D-9A0A-A405CBF14201}.Debug|x86.ActiveCfg = Debug|Win32
		{5B61F5EC-B981-4D8D-9A0A-A405CBF14201}.Debug|x86.Build.0 = Debug|Win32
		{5B61F5EC-B981-4D8D-9A0A-A405CBF14201}.Release|x64.ActiveCfg = Release|x64
		{5B61F5EC-B981-4D8D-9A0A-A405CBF14201}.Release|x64.Build.0 = Release|x64
		{5B61F5EC-B981-4D8D-9A0A-A405CBF14201}.Release|x86.ActiveCfg = Release|Win32
		{5B61F5EC-B981-4D8D-9A0A-A405CBF14201}.Release|x86.Build.0 = Release|Win32
		{73690370-5001-4AA2-A9A4-9DCD5B91A085}.Debug|x64.ActiveCfg = Debug|x64
		{73690370-5001-4AA2-A9A4-9DCD5B91A085}.Debug|x64.Build.0 = Debug|x64
		{73690370-5001-4AA2-A9A4-9DCD5B91A085}.Debug|x86.ActiveCfg = Debug|Win32
		{73690370-5001-4AA2-A9A4-9DCD5B91A085}.Debug|x86.Build.0 = Debug|Win32
		{73690370-5001-4AA2-A9A4-9DCD5B91A085}.Release|x64.ActiveCfg = Release|x64
		{73690370-5001-4AA2-A9A4-9DCD5B91A085}.Release|x64.Build.0 = Release|x64
		{73690370-5001-4AA2-A9A4-9DCD5B91A085}.Release|x86.ActiveCfg = Release|Win32
		{73690370-5001-4AA2-A9A4-9DCD5B91A085}.Release|x86.Build.0 = Release|Win32
		{88AB0A94-365F-474C-96D0-865939E41A58}.Debug|x64.ActiveCfg = Debug|x64
		{88AB0A94-365F-474C-96D0-865939E41A58}.Debug|x64.Build.0 = Debug|x64
		{88AB0A94-365F-474C-96D0-865939E41A58}.Debug|x86.ActiveCfg = Debug|Win32
		{88AB0A94-365F-474C-96D0-865939E41A58}.Debug|x86.Build.0 = Debug|Win32
		{88AB0A94-365F-474C-96D0-865939E41A58}.Release|x64.ActiveCfg = Release|x64
		{88AB0A94-365F-474C-96D0-865939E41A58}.Release|x64.Build.0 = Release|x64
		{88AB0A94-365F-474C-96D0-865939E41A58}.Release|x86.ActiveCfg = Release|Win32
		{88AB0A94-365F-474C-96D0-865939E41A58}.Release|x86.Build.0 = Release|Win32
		{2ECF9B16-E65F-4C2D-B774-9D1D0243D773}.Debug|x64.ActiveCfg = Debug|x64
		{2ECF9B16-E65F-4C2D-B774-9D1D0243D773}.Debug|x64.Build.0 = Debug|x64
		{2ECF9B16-E65F-4C2D-B774-9D1D0243D773}.Debug|x86.ActiveCfg = Debug|Win32
		{2ECF9B16-E65F-4C2D-B774-9D1D0243D773}.Debug|x86.Build.0 = Debug|Win32
		{2ECF9B16-E65F-4C2D-B774-9D1D0243D773}.Release|x64.ActiveCfg = Release|x64
		{2ECF9B16-E65F-4C2D-B774-9D1D0243D773}.Release|x64.Build.0 = Release|x64
		{2ECF9B16-E65F-4C2D-B774-9D1D0243D773}.Release|x86.ActiveCfg = Release|Win32
		{2ECF9B16-E65F-4C2D-B774-9D1D0243D773}.Release|x86.Build.0 = Release|Win32
		{BCC63F99-BC2A-40CA-95A4-2F83D215FE18}.Debug|x64.ActiveCfg = Debug|x64
		{BCC63F99-BC2A-40CA-95A4-2F83D215FE18}.Debug|x64.Build.0 = Debug|x64
		{BCC63F99-BC2A-40CA-95A4-2F83D215FE18}.Debug|x86.ActiveCfg = Debug|Win32
		{BCC63F99-BC2A-40CA-95A4-2F83D215FE18}.Debug|x86.Build.0 = Debug|Win32
		{BCC63F99-BC2A-40CA-95A4-2F83D215FE18}.Release|x64.ActiveCfg = Release|x64
		{BCC63F99-BC2A-40CA-95A4-2F83D215FE18}.Release|x64.Build.0 = Release|x64
		{BCC63F99-BC2A-40CA-95A4-2F83D215FE18}.Release|x86.ActiveCfg = Release|Win32
		{BCC63F99-BC2A-40CA-95A4-2F83D215FE18}.Release|x86.Build.0 = Release|Win32
		{22F8BB78-4F65-4A86-9DA0-ACAECA64D02B}.Debug|x64.ActiveCfg = Debug|x64
		{22F8BB78-4F65-4A86-9DA0-ACAECA64D02B}.Debug|x64.Build.0 = Debug|x64
		{22F8BB78-4F65-4A86-9DA0-ACAECA64D02B}.Debug|x86.ActiveCfg = Debug|Win32
		{22F8BB78-4F65-4A86-9DA0-ACAECA64D02B}.Debug|x86.Build.0 = Debug|Win32
		{22F8BB78-4F65-4A86-9DA0-ACAECA64D02B}.Release|x64.ActiveCfg = Release|x64
		{22F8BB78-4F65-4A86-9DA0-ACAECA64D02B}.Release|x64.Build.0 = Release|x64
		{22F8BB78-4F65-4A86-9DA0-ACAECA64D02B}.Release|x86.ActiveCfg = Release|Win32
		{22F8BB78-4F65-4A86-9DA0-ACAECA64D02B}.Release|x86.Build.0 = Release|Win32
		{7F0128A7-0913-433A-9F0D-39D8C050846C}.Debug|x64.ActiveCfg = Debug|x64
		{7F0128A7-0913-433A-9F0D-39D8C050846C}.Debug|x64.Build.0 = Debug|x64
		{7F0128A7-0913-433A-9F0D-39D8C050846C}.Debug|x86.ActiveCfg = Debug|Win32
		{7F0128A7-0913-433A-9F0D-39D8C050846C}.Debug|x86.Build.0 = Debug|Win32
		{7F0128A7-0913-433A-9F0D-39D8C050846C}.Release|x64.ActiveCfg = Release|x64
		{7F0128A7-0913-433A-9F0D-39D8C050846C}.Release|x64.Build.0 = Release|x64
		{7F0128A7-0913-433A-9F0D-39D8C050846C}.Release|x86.ActiveCfg = Release|Win32
		{7F0128A7-0913-433A-9F0D-39D8C050846C}.Release|x86.Build.0 = Release|Win32
		{D7B7F22E-1156-41FE-A283-7B9E29353795}.Debug|x64.ActiveCfg = Debug|x64
		{D7B7F22E-1156-41FE-A283-7B9E29353795}.Debug|x64.Build.0 = Debug|x64
		{D7B7F22E-1156-41FE-A283-7B9E29353795}.Debug|x86.ActiveCfg = Debug|Win32
		{D7B7F22E-1156-41FE-A283-7B9E29353795}.Debug|x86.Build.0 = Debug|Win32
		{D7B7F22E-1156-41FE-A283-7B9E29353795}.Release|x64.ActiveCfg = Release|x64
		{D7B7F22E-1156-41FE-A283-7B9E29353795}.Release|x64.Build.0 = Release|x64
		{D7B7F22E-1156-41FE-A283-7B9E29353795}.Release|x86.ActiveCfg = Release|Win32
		{D7B7F22E-1156-41FE-A283-7B9E29353795}.Release|x86.Build.0 = Release|Win32
		{8B054C89-626E-4E0A-9CA5-EC5A7D609C27}.Debug|x64.ActiveCfg = Debug|x64
		{8B054C89-626E-4E0A-9CA5-EC5A7D609C27}.Debug|x64.Build.0 = Debug|x64
		{8B054C89-626E-4E0A-9CA5-EC5A7D609C27}.Debug|x86.ActiveCfg = Debug|Win32
		{8B054C89-626E-4E0A-9CA5-EC5A7D609C27}.Debug|x86.Build.0 = Debug|Win32
		{8B054C89-626E-4E0A-9CA5-EC5A7D609C27}.Release|x64.ActiveCfg = Release|x64
		{8B054C89-626E-4E0A-9CA5-EC5A7D609C27}.Release|x64.Build.0 = Release|x64
		{8B054C89-626E-4E0A-9CA5-EC5A7D609C27}.Release|x86.ActiveCfg = Release|Win32
		{8B054C89-626E-4E0A-9CA5-EC5A7D609C27}.Release|x86.Build.0 = Release|Win32
		{C5DB863A-2C83-4A1A-9E44-C1C6BC54DEEA}.Debug|x64.ActiveCfg = Debug|x64
		{C5DB863A-2C83-4A1A-9E44-C1C6BC54DEEA}.Debug|x64.Build.0 = Debug|x64
		{C5DB863A-2C83-4A1A-9E44-C1C6BC54DEEA}.Debug|x86.ActiveCfg = Debug|Win32
		{C5DB863A-2C83-4A1A-9E44-C1C6BC54DEEA}.Debug|x86.Build.0 = Debug|Win32
		{C5DB863A-2C83-4A1A-9E44-C1C6BC54DEEA}.Release|x64.ActiveCfg = Release|x64
		{C5DB863A-2C83-4A1A-9E44-C1C6BC54DEEA}.Release|x64.Build.0 = Release|x64
		{C5DB863A-2C83-4A1A-9E44-C1C6BC54DEEA}.Release|x86.ActiveCfg = Release|Win32
		{C5DB863A-2C83-4A1A-9E44-C1C6BC54DEEA}.Release|x86.Build.0 = Release|Win32
		{20BCEBF5-E851-4B41-94F6-9A9BBBC2ADF3}.Debug|x64.ActiveCfg = Debug|x64
		{20BCEBF5-E851-4B41-94F6-9A9BBBC2ADF3}.Debug|x64.Build.0 = Debug|x64
		{20BCEBF5-E851-4B41-94F6-9A9BBBC2ADF3}.Debug|x86.ActiveCfg = Debug|Win32
		{20BCEBF5-E851-4B41-94F6-9A9BBBC2ADF3}.Debug|x86.Build.0 = Debug|Win32
		{20BCEBF5-E851-4B41-94F6-9A9BBBC2ADF3}.Release|x64.ActiveCfg = Release|x64
		{20BCEBF5-E851-4B41-94F6-9A9BBBC2ADF3}.Release|x64.Build.0 = Release|x64
		{20BCEBF5-E851-4B41-94F6-9A9BBBC2ADF3}.Release|x86.ActiveCfg = Release|Win32
		{20BCEBF5-E851-4B41-94F6-9A9BBBC2ADF3}.Release|x86.Build.0 = Release|Win32
		{D3EF8B25-8B99-44A5-A6A4-F077BF4C941A}.Debug|x64.ActiveCfg = Debug|x64
		{D3EF8B25-8B99-44A5-A6A4-F077BF4C941A}.Debug|x64.Build.0 = Debug|x64
		{D3EF8B25-8B99-44A5-A6A4-F077BF4C941A}.Debug|x86.ActiveCfg = Debug|Win32
		{D3EF8B25-8B99-44A5-A6A4-F077BF4C941A}.Debug|x86.Build.0 = Debug|Win32
		{D3EF8B25-8B99-44A5-A6A4-F077BF4C941A}.Release|x64.ActiveCfg = Release|x64
		{D3EF8B25-8B99-44A5-A6A4-F077BF4C941A}.Release|x64.Build.0 = Release|x64
		{D3EF8B25-8B99-44A5-A6A4-F077BF4C941A}.Release|x86.ActiveCfg = Release|Win32
		{D3EF8B25-8B99-44A5-A6A4-F077BF4C941A}.Release|x86.Build.0 = Release|Win32
		{D9A70CC7-194E-4E36-BDD6-0A29E6AFCF5B}.Debug|x64.ActiveCfg = Debug|x64
		{D9A70CC7-194E-4E36-BDD6-0A29E6AFCF5B}.Debug|x64.Build.0 = Debug|x64
		{D9A70CC7-194E-4E36-BDD6-0A29E6AFCF5B}.Debug|x86.ActiveCfg = Debug|Win32
		{D9A70CC7-194E-4E36-BDD6-0A29E6AFCF5B}.Debug|x86.Build.0 = Debug|Win32
		{D9A70CC7-194E-4E36-BDD6-0A29E6AFCF5B}.Release|x64.ActiveCfg = Release|x64
		{D9A70CC7-194E-4E36-BDD6-0A29E6AFCF5B}.Release|x64.Build.0 = Release|x64
		{D9A70CC7-194E-4E36-BDD6-0A29E6AFCF5B}.Release|x86.ActiveCfg = Release|Win32
		{D9A70CC7-194E-4E36-BDD6-0A29E6AFCF5B}.Release|x86.Build.0 = Release|Win32
		{0B8E6661-8BAA-4368-B865-3717BEBB16D2}.Debug|x64.ActiveCfg = Debug|x64
		{0B8E6661-8BAA-4368-B865-3717BEBB16D2}.Debug|x64.Build.0 = Debug|x64
		{0B8E6661-8BAA-4368-B865-3717BEBB16D2}.Debug|x86.ActiveCfg = Debug|Win32
		{0B8E6661-8BAA-4368-B865-3717BEBB16D2}.Debug|x86.Build.0 = Debug|Win32
		{0B8E6661-8BAA-4368-B865-3717BEBB16D2}.Release|x64.ActiveCfg = Release|x64
		{0B8E6661-8BAA-4368-B865-3717BEBB16D2}.Release|x64.Build.0 = Release|x64
		{0B8E6661-8BAA-4368-B865-3717BEBB16D2}.Release|x86.ActiveCfg = Release|Win32
		{0B8E6661-8BAA-4368-B865-3717BEBB16D2}.Release|x86.Build.0 = Release|Win32
		{DE60DB17-C31C-4A92-AD58-341AA431EF73}.Debug|x64.ActiveCfg = Debug|x64
		{DE60DB17-C31C-4A92-AD58-341AA431EF73}.Debug|x64.Build.0 = Debug|x64
		{DE60DB17-C31C-4A92-AD58-341AA431EF73}.Debug|x86.ActiveCfg = Debug|Win32
		{DE60DB17-C31C-4A92-AD58-341AA431EF73}.Debug|x86.Build.0 = Debug|Win32
		{DE60DB17-C31C-4A92-AD58-341AA431EF73}.Release|x64.ActiveCfg = Release|x64
		{DE60DB17-C31C-4A92-AD58-341AA431EF73}.Release|x64.Build.0 = Release|x64
		{DE60DB17-C31C-4A92-AD58-341AA431EF73}.Release|x86.ActiveCfg = Release|Win32
		{DE60DB17-C31C-4A92-AD58-341AA431EF73}.Release|x86.Build.0 = Release|Win32
		{1A952FB8-F075-4551-BDF9-E44795FB0467}.Debug|x64.ActiveCfg = Debug|x64
		{1A952FB8-F075-4551-BDF9-E44795FB0467}.Debug|x64.Build.0 = Debug|x64
		{1A952FB8-F075-4551-BDF9-E44795FB0467}.Debug|x86.ActiveCfg = Debug|Win32
		{1A952FB8-F075-4551-BDF9-E44795FB0467}.Debug|x86.Build.0 = Debug|Win32
		{1A952FB8-F075-4551-BDF9-E44795FB0467}.Release|x64.ActiveCfg = Release|x64
		{1A952FB8-F075-4551-BDF9-E44795FB0467}.Release|x64.Build.0 = Release|x64
		{1A952FB8-F075-4551-BDF9-E44795FB0467}.Release|x86.ActiveCfg = Release|Win32
		{1A952FB8-F075-4551-BDF9-E44795FB0467}.Release|x86.Build.0 = Release|Win32
		{779558C3-DFE2-4F8E-A4D3-5A1F0B26E8B4}.Debug|x64.ActiveCfg = Debug|x64
		{779558C3-DFE2-4F8E-A4D3-5A1F0B26E8B4}.Debug|x64.Build.0 = Debug|x64
		{779558C3-DFE2-4F8E-A4D3-5A1F0B26E8B4}.Debug|x86.ActiveCfg = Debug|Win32
		{779558C3-DFE2-4F8E-A4D3-5A1F0B26E8B4}.Debug|x86.Build.0 = Debug|Win32
		{779558C3-DFE2-4F8E-A4D3-5A1F0B26E8B4}.Release|x64.ActiveCfg = Release|x64
		{779558C3-DFE2-4F8E-A4D3-5A1F0B26E8B4}.Release|x64.Build.0 = Release|x64
		{779558C3-DFE2-4F8E-A4D3-5A1F0B26E8B4}.Release|x86.ActiveCfg = Release|Win32
		{779558C3-DFE2-4F8E-A4D3-5A1F0B26E8B4}.Release|x86.Build.0 = Release|Win32
		{41D2D876-815F-4DFA-8C9C-3E30C8A71AC7}.Debug|x64.ActiveCfg = Debug|x64
		{41D2D876-815F-4DFA-8C9C-3E30C8A71AC7}.Debug|x64.Build.0 = Debug|x64
		{41D2D876-815F-4DFA-8C9C-3E30C8A71AC7}.Debug|x86.ActiveCfg = Debug|Win32
		{41D2D876-815F-4DFA-8C9C-3E30C8A71AC7}.Debug|x86.Build.0 = Debug|Win32
		{41D2D876-815F-4DFA-8C9C-3E30C8A71AC7}.Release|x64.ActiveCfg = Release|x64
		{41D2D876-815F-4DFA-8C9C-3E30C8A71AC7}.Release|x64.Build.0 = Release|x64
		{41D2D876-815F-4DFA-8C9C-3E30C8A71AC7}.Release|x86.ActiveCfg = Release|Win32
		{41D2D876-815F-4DFA-8C9C-3E30C8A71AC7}.Release|x86.Build.0 = Release|Win32
		{20AA3D83-E489-4EE8-9252-B2EB15F2A5EC}.Debug|x64.ActiveCfg = Debug|x64
		{20AA3D83-E489-4EE8-9252-B2EB15F2A5EC}.Debug|x64.Build.0 = Debug|x64
		{20AA3D83-E489-4EE8-9252-B2EB15F2A5EC}.Debug|x86.ActiveCfg = Debug|Win32
		{20AA3D83-E489-4EE8-9252-B2EB15F2A5EC}.Debug|x86.Build.0 = Debug|Win32
		{20AA3D83-E489-4EE8-9252-B2EB15F2A5EC}.Release|x64.ActiveCfg = Release|x64
		{20AA3D83-E489-4EE8-9252-B2EB15F2A5EC}.Release|x64.Build.0 = Release|x64
		{20AA3D83-E489-4EE8-9252-B2EB15F2A5EC}.Release|x86.ActiveCfg = Release|Win32
		{20AA3D83-E489-4EE8-9252-B2EB15F2A5EC}.Release|x86.Build.0 = Release|Win32
		{B89AE173-B807-43D4-87D8-5C769579DFA7}.Debug|x64.ActiveCfg = Debug|x64
		{B89AE173-B807-43D4-87D8-5C769579DFA7}.Debug|x64.Build.0 = Debug|x64
		{B89AE173-B807-43D4-87D8-5C769579DFA7}.Debug|x86.ActiveCfg = Debug|Win32
		{B89AE173-B807-43D4-87D8-5C769579DFA7}.Debug|x86.Build.0 = Debug|Win32
		{B89AE173-B807-43D4-87D8-5C769579DFA7}.Release|x64.ActiveCfg = Release|x64
		{B89AE173-B807-43D4-87D8-5C769579DFA7}.Release|x64.Build.0 = Release|x64
		{B89AE173-B807-43D4-87D8-5C769579DFA7}.Release|x86.ActiveCfg = Release|Win32
		{B89AE173-B807-43D4-87D8-5C769579DFA7}.Release|x86.Build.0 = Release|Win32
		{9396A503-07EB-4466-8570-CF00A0C0A436}.Debug|x64.ActiveCfg = Debug|x64
		{9396A503-07EB-4466-8570-CF00A0C0A436}.Debug|x64.Build.0 = Debug|x64
		{9396A503-07EB-4466-8570-CF00A0C0A436}.Debug|x86.ActiveCfg = Debug|Win32
		{9396A503-07EB-4466-8570-CF00A0C0A436}.Debug|x86.Build.0 = Debug|Win32
		{9396A503-07EB-4466-8570-CF00A0C0A436}.Release|x64.ActiveCfg = Release|x64
		{9396A503-07EB-4466-8570-CF00A0C0A436}.Release|x64.Build.0 = Release|x64
		{9396A503-07EB-4466-8570-CF00A0C0A436}.Release|x86.ActiveCfg = Release|Win32
		{9396A503-07EB-4466-8570-CF00A0C0A436}.Release|x86.Build.0 = Release|Win32
		{8445A089-AE58-40FE-8974-C0925F61884F}.Debug|x64.ActiveCfg = Debug|x64
		{8445A089-AE58-40FE-8974-C0925F61884F}.Debug|x64.Build.0 = Debug|x64
		{8445A089-AE58-40FE-8974-C0925F61884F}.Debug|x86.ActiveCfg = Debug|Win32
		{8445A089-AE58-40FE-8974-C0925F61884F}.Debug|x86.Build.0 = Debug|Win32
		{8445A089-AE58-40FE-8974-C0925F61884F}.Release|x64.ActiveCfg = Release|x64
		{8445A089-AE58-40FE-8974-C0925F61884F}.Release|x64.Build.0 = Release|x64
		{8445A089-AE58-40FE-8974-C0925F61884F}.Release|x86.ActiveCfg = Release|Win32
		{8445A089-AE58-40FE-8974-C0925F61884F}.Release|x86.Build.0 = Release|Win32
		{1D467F50-845F-4B33-A05C-CD50F540DC6D}.Debug|x64.ActiveCfg = Debug|x64
		{1D467F50-845F-4B33-A05C-CD50F540DC6D}.Debug|x64.Build.0 = Debug|x64
		{1D467F50-845F-4B33-A05C-CD50F540DC6D}.Debug|x86.ActiveCfg = Debug|Win32
		{1D467F50-845F-4B33-A05C-CD50F540DC6D}.Debug|x86.Build.0 = Debug|Win32
		{1D467F50-845F-4B33-A05C-CD50F540DC6D}.Release|x64.ActiveCfg = Release|x64
		{1D467F50-845F-4B33-A05C-CD50F540DC6D}.Release|x64.Build.0 = Release|x64
		{1D467F50-845F-4B33-A05C-CD50F540DC6D}.Release|x86.ActiveCfg = Release|Win32
		{1D467F50-845F-4B33-A05C-CD50F540DC6D}.Release|x86.Build.0 = Release|Win32
		{FD9A8516-42EC-4640-AB37-6249D69B7714}.Debug|x64.ActiveCfg = Debug|x64
		{FD9A8516-42EC-4640-AB37-6249D69B7714}.Debug|x64.Build.0 = Debug|x64
		{FD9A8516-42EC-4640-AB37-6249D69B7714}.Debug|x86.ActiveCfg = Debug|Win32
		{FD9A8516-42EC-4640-AB37-6249D69B7714}.Debug|x86.Build.0 = Debug|Win32
		{FD9A8516-42EC-4640-AB37-6249D69B7714}.Release|x64.ActiveCfg = Release|x64
		{FD9A8516-42EC-4640-AB37-6249D69B7714}.Release|x64.Build.0 = Release|x64
		{FD9A8516-42EC-4640-AB37-6249D69B7714}.Release|x86.ActiveCfg = Release|Win32
		{FD9A8516-42EC-4640-AB37-6249D69B7714}.Release|x86.Build.0 = Release|Win32
		{8B123F2F-BF64-4DF4-9030-8226FE37024C}.Debug|x64.ActiveCfg = Debug|x64
		{8B123F2F-BF64-4DF4-9030-8226FE37024C}.Debug|x64.Build.0 = Debug|x64
		{8B123F2F-BF64-4DF4-9030-8226FE37024C}.Debug|x86.ActiveCfg = Debug|Win32
		{8B123F2F-BF64-4DF4-9030-8226FE37024C}.Debug|x86.Build.0 = Debug|Win32
		{8B123F2F-BF64-4DF4-9030-8226FE37024C}.Release|x64.ActiveCfg = Release|x64
		{8B123F2F-BF64-4DF4-9030-8226FE37024C}.Release|x64.Build.0 = Release|x64
		{8B123F2F-BF64-4DF4-9030-8226FE37024C}.Release|x86.ActiveCfg = Release|Win32
		{8B123F2F-BF64-4DF4-9030-8226FE37024C}.Release|x86.Build.0 = Release|Win32
		{782A5D4B-3E9D-45A2-BBAC-D534B04159B9}.Debug|x64.ActiveCfg = Debug|x64
		{782A5D4B-3E9D-45A2-BBAC-D534B04159B9}.Debug|x64.Build.0 = Debug|x64
		{782A5D4B-3E9D-45A2-BBAC-D534B04159B9}.Debug|x86.ActiveCfg = Debug|Win32
		{782A5D4B-3E9D-45A2-BBAC-D534B04159B9}.Debug|x86.Build.0 = Debug|Win32
		{782A5D4B-3E9D-45A2-BBAC-D534B04159B9}.Release|x64.ActiveCfg = Release|x64
		{782A5D4B-3E9D-45A2-BBAC-D534B04159B9}.Release|x64.Build.0 = Release|x64
		{782A5D4B-3E9D-45A2-BBAC-D534B04159B9}.Release|x86.ActiveCfg = Release|Win32
		{782A5D4B-3E9D-45A2-BBAC-D534B04159B9}.Release|x86.Build.0 = Release|Win32
		{501C46B2-C143-4102-B21D-798AFA020A83}.Debug|x64.ActiveCfg = Debug|x64
		{501C46B2-C143-4102-B21D-798AFA020A83}.Debug|x64.Build.0 = Debug|x64
		{501C46B2-C143-4102-B21D-798AFA020A83}.Debug|x86.ActiveCfg = Debug|Win32
		{501C46B2-C143-4102-B21D-798AFA020A83}.Debug|x86.Build.0 = Debug|Win32
		{501C46B2-C143-4102-B21D-798AFA020A83}.Release|x64.ActiveCfg = Release|x64
		{501C46B2-C143-4102-B21D-798AFA020A83}.Release|x64.Build.0 = Release|x64
		{501C46B2-C143-4102-B21D-798AFA020A83}.Release|x86.ActiveCfg = Release|Win32
		{501C46B2-C143-4102-B21D-798AFA020A83}.Release|x86.Build.0 = Release|Win32
		{DD0DDE8E-F7B1-4C94-A9DF-0C611321B4D7}.Debug|x64.ActiveCfg = Debug|x64
		{DD0DDE8E-F7B1-4C94-A9DF-0C611321B4D7}.Debug|x64.Build.0 = Debug|x64
		{DD0DDE8E-F7B1-4C94-A9DF-0C611321B4D7}.Debug|x86.ActiveCfg = Debug|Win32
		{DD0DDE8E-F7B1-4C94-A9DF-0C611321B4D7}.Debug|x86.Build.0 = Debug|Win32
		{DD0DDE8E-F7B1-4C94-A9DF-0C611321B4D7}.Release|x64.ActiveCfg = Release|x64
		{DD0DDE8E-F7B1-4C94-A9DF-0C611321B4D7}.Release|x64.Build.0 = Release|x64
		{DD0DDE8E-F7B1-4C94-A9DF-0C611321B4D7}.Release|x86.ActiveCfg = Release|Win32
		{DD0DDE8E-F7B1-4C94-A9DF-0C611321B4D7}.Release|x86.Build.0 = Release|Win32
		{614F9287-CF9D-4181-812E-A4FCC0582B36}.Debug|x64.ActiveCfg = Debug|x64
		{614F9287-CF9D-4181-812E-A4FCC0582B36}.Debug|x64.Build.0 = Debug|x64
		{614F9287-CF9D-4181-812E-A4FCC0582B36}.Debug|x86.ActiveCfg = Debug|Win32
		{614F9287-CF9D-4181-812E-A4FCC0582B36}.Debug|x86.Build.0 = Debug|Win32
		{614F9287-CF9D-4181-812E-A4FCC0582B36}.Release|x64.ActiveCfg = Release|x64
		{614F9287-CF9D-4181-812E-A4FCC0582B36}.Release|x64.Build.0 = Release|x64
		{614F9287-CF9D-4181-812E-A4FCC0582B36}.Release|x86.ActiveCfg = Release|Win32
		{614F9287-CF9D-4181-812E-A4FCC0582B36}.Release|x86.Build.0 = Release|Win32
		{DC53B1D3-F013-40D2-AD15-6D5CCC875AE3}.Debug|x64.ActiveCfg = Debug|x64
		{DC53B1D3-F013-40D2-AD15-6D5CCC875AE3}.Debug|x64.Build.0 = Debug|x64
		{DC53B1D3-F013-40D2-AD15-6D5CCC875AE3}.Debug|x86.ActiveCfg = Debug|Win32
		{DC53B1D3-F013-40D2-AD15-6D5CCC875AE3}.Debug|x86.Build.0 = Debug|Win32
		{DC53B1D3-F013-40D2-AD15-6D5CCC875AE3}.Release|x64.ActiveCfg = Release|x64
		{DC53B1D3-F013-40D2-AD15-6D5CCC875AE3}.Release|x64.Build.0 = Release|x64
		{DC53B1D3-F013-40D2-AD15-6D5CCC875AE3}.Release|x86.ActiveCfg = Release|Win32
		{DC53B1D3-F013-40D2-AD15-6D5CCC875AE3}.Release|x86.Build.0 = Release|Win32
		{DB2FED3E-3CC2-4A11-9BC3-47A98C66F163}.Debug|x64.ActiveCfg = Debug|x64
		{DB2FED3E-3CC2-4A11-9BC3-47A98C66F163}.Debug|x64.Build.0 = Debug|x64
		{DB2FED3E-3CC2-4A11-9BC3-47A98C66F163}.Debug|x86.ActiveCfg = Debug|Win32
		{DB2FED3E-3CC2-4A11-9BC3-47A98C66F163}.Debug|x86.Build.0 = Debug|Win32
		{DB2FED3E-3CC2-4A11-9BC3-47A98C66F163}.Release|x64.ActiveCfg = Release|x64
		{DB2FED3E-3CC2-4A11-9BC3-47A98C66F163}.Release|x64.Build.0 = Release|x64
		{DB2FED3E-3CC2-4A11-9BC3-47A98C66F163}.Release|x86.ActiveCfg = Release|Win32
		{DB2FED3E-3CC2-4A11-9BC3-47A98C66F163}.Release|x86.Build.0 = Release|Win32
		{4E4BAEBC-51F8-4FA2-8E03-4BAC590AA70D}.Debug|x64.ActiveCfg = Debug|x64
		{4E4BAEBC-51F8-4FA2-8E03-4BAC590AA70D}.Debug|x64.Build.0 = Debug|x64
		{4E4BAEBC-51F8-4FA2-8E03-4BAC590AA70D}.Debug|x86.ActiveCfg = Debug|Win32
		{4E4BAEBC-51F8-4FA2-8E03-4BAC590AA70D}.Debug|x86.Build.0 = Debug|Win32
		{4E4BAEBC-51F8-4FA2-8E03-4BAC590AA70D}.Release|x64.ActiveCfg = Release|x64
		{4E4BAEBC-51F8-4FA2-8E03-4BAC590AA70D}.Release|x64.Build.0 = Release|x64
		{4E4BAEBC-51F8-4FA2-8E03-4BAC590AA70D}.Release|x86.ActiveCfg = Release|Win32
		{4E4BAEBC-51F8-4FA2-8E03-4BAC590AA70D}.Release|x86.Build.0 = Release|Win32
		{6C4B42CC-9754-49DB-8027-1328ECC50A74}.Debug|x64.ActiveCfg = Debug|x64
		{6C4B42CC-9754-49DB-8027-1328ECC50A74}.Debug|x64.Build.0 = Debug|x64
		{6C4B42CC-9754-49DB-8027-1328ECC50A74}.Debug|x86.ActiveCfg = Debug|Win32
		{6C4B42CC-9754-49DB-8027-1328ECC50A74}.Debug|x86.Build.0 = Debug|Win32
		{6C4B42CC-9754-49DB-8027-1328ECC50A74}.Release|x64.ActiveCfg = Release|x64
		{6C4B42CC-9754-49DB-8027-1328ECC50A74}.Release|x64.Build.0 = Release|x64
		{6C4B42CC-9754-49DB-8027-1328ECC50A74}.Release|x86.ActiveCfg = Release|Win32
		{6C4B42CC-9754-49DB-8027-1328ECC50A74}.Release|x86.Build.0 = Release|Win32
		{15395BA3-3AC6-41A6-88BF-EA00C1702DA3}.Debug|x64.ActiveCfg = Debug|x64
		{15395BA3-3AC6-41A6-88BF-EA00C1702DA3}.Debug|x64.Build.0 = Debug|x64
		{15395BA3-3AC6-41A6-88BF-EA00C1702DA3}.Debug|x86.ActiveCfg = Debug|Win32
		{15395BA3-3AC6-41A6-88BF-EA00C1702DA3}.Debug|x86.Build.0 = Debug|Win32
		{15395BA3-3AC6-41A6-88BF-EA00C1702DA3}.Release|x64.ActiveCfg = Release|x64
		{15395BA3-3AC6-41A6-88BF-EA00C1702DA3}.Release|x64.Build.0 = Release|x64
		{15395BA3-3AC6-41A6-88BF-EA00C1702DA3}.Release|x86.ActiveCfg = Release|Win32
		{15395BA3-3AC6-41A6-88BF-EA00C1702DA3}.Release|x86.Build.0 = Release|Win32
		{37B77342-2B21-42A2-A93D-4ED1EE4B5C8C}.Debug|x64.ActiveCfg = Debug|x64
		{37B77342-2B21-42A2-A93D-4ED1EE4B5C8C}.Debug|x64.Build.0 = Debug|x64
		{37B77342-2B21-42A2-A93D-4ED1EE4B5C8C}.Debug|x86.ActiveCfg = Debug|Win32
		{37B77342-2B21-42A2-A93D-4ED1EE4B5C8C}.Debug|x86.Build.0 = Debug|Win32
		{37B77342-2B21-42A2-A93D-4ED1EE4B5C8C}.Release|x64.ActiveCfg = Release|x64
		{37B77342-2B21-42A2-A93D-4ED1EE4B5C8C}.Release|x64.Build.0 = Release|x64
		{37B77342-2B21-42A2-A93D-4ED1EE4B5C8C}.Release|x86.ActiveCfg = Release|Win32
		{37B77342-2B21-42A2-A93D-4ED1EE4B5C8C}.Release|x86.Build.0 = Release|Win32
		{E49A7FD4-8B17-4F50-9779-6ADE9151EDDE}.Debug|x64.ActiveCfg = Debug|x64
		{E49A7FD4-8B17-4F50-9779-6ADE9151EDDE}.Debug|x64.Build.0 = Debug|x64
		{E49A7FD4-8B17-4F50-9779-6ADE9151EDDE}.Debug|x86.ActiveCfg = Debug|Win32
		{E49A7FD4-8B17-4F50-9779-6ADE9151EDDE}.Debug|x86.Build.0 = Debug|Win32
		{E49A7FD4-8B17-4F50-9779-6ADE9151EDDE}.Release|x64.ActiveCfg = Release|x64
		{E49A7FD4-8B17-4F50-9779-6ADE9151EDDE}.Release|x64.Build.0 = Release|x64
		{E49A7FD4-8B17-4F50-9779-6ADE9151EDDE}.Release|x86.ActiveCfg = Release|Win32
		{E49A7FD4-8B17-4F50-9779-6ADE9151EDDE}.Release|x86.Build.0 = Release|Win32
	EndGlobalSection
	GlobalSection(SolutionProperties) = preSolution
		HideSolutionNode = FALSE
	EndGlobalSection
	GlobalSection(ExtensibilityGlobals) = postSolution
		SolutionGuid = {E210EBAF-0700-4000-B10E-C08F29D890EF}
	EndGlobalSection
EndGlobal
